
Microsoft Visual Studio Solution File, Format Version 12.00
# Visual Studio Version 16
VisualStudioVersion = 16.0.28803.916
MinimumVisualStudioVersion = 10.0.40219.1
Project("{E24C65DC-7377-472B-9ABA-BC803B73C61A}") = "UnitsHub", "..\UnitsHub\", "{C4A6F6D0-417C-4CC4-AB9E-AC9F9F210530}"
	ProjectSection(WebsiteProperties) = preProject
		TargetFrameworkMoniker = ".NETFramework,Version%3Dv4.7.2"
		Debug.AspNetCompiler.VirtualPath = "/localhost_53234"
		Debug.AspNetCompiler.PhysicalPath = "..\UnitsHub\"
		Debug.AspNetCompiler.TargetPath = "PrecompiledWeb\localhost_53234\"
		Debug.AspNetCompiler.Updateable = "true"
		Debug.AspNetCompiler.ForceOverwrite = "true"
		Debug.AspNetCompiler.FixedNames = "false"
		Debug.AspNetCompiler.Debug = "True"
		Release.AspNetCompiler.VirtualPath = "/localhost_53234"
		Release.AspNetCompiler.PhysicalPath = "..\UnitsHub\"
		Release.AspNetCompiler.TargetPath = "PrecompiledWeb\localhost_53234\"
		Release.AspNetCompiler.Updateable = "true"
		Release.AspNetCompiler.ForceOverwrite = "true"
		Release.AspNetCompiler.FixedNames = "false"
		Release.AspNetCompiler.Debug = "False"
		VWDPort = "53234"
		SlnRelativePath = "..\UnitsHub\"
	EndProjectSection
EndProject
Global
	GlobalSection(SolutionConfigurationPlatforms) = preSolution
		Debug|Any CPU = Debug|Any CPU
	EndGlobalSection
	GlobalSection(ProjectConfigurationPlatforms) = postSolution
		{C4A6F6D0-417C-4CC4-AB9E-AC9F9F210530}.Debug|Any CPU.ActiveCfg = Debug|Any CPU
		{C4A6F6D0-417C-4CC4-AB9E-AC9F9F210530}.Debug|Any CPU.Build.0 = Debug|Any CPU
	EndGlobalSection
	GlobalSection(SolutionProperties) = preSolution
		HideSolutionNode = FALSE
	EndGlobalSection
	GlobalSection(ExtensibilityGlobals) = postSolution
		SolutionGuid = {F0B130B0-297F-45B2-8DF8-F76659CF3816}
	EndGlobalSection
EndGlobal
